
Microsoft Visual Studio Solution File, Format Version 12.00
# Visual Studio Version 17
VisualStudioVersion = 17.14.36221.1 d17.14
MinimumVisualStudioVersion = 10.0.40219.1
Project("{FAE04EC0-301F-11D3-BF4B-00C04F79EFBC}") = "Practices2", "Practices2.csproj", "{849B61D6-15F6-4EA9-AD0F-3BA54C140ED8}"
EndProject
Global
	GlobalSection(SolutionConfigurationPlatforms) = preSolution
		Debug|Any CPU = Debug|Any CPU
		Release|Any CPU = Release|Any CPU
	EndGlobalSection
	GlobalSection(ProjectConfigurationPlatforms) = postSolution
		{849B61D6-15F6-4EA9-AD0F-3BA54C140ED8}.Debug|Any CPU.ActiveCfg = Debug|Any CPU
		{849B61D6-15F6-4EA9-AD0F-3BA54C140ED8}.Debug|Any CPU.Build.0 = Debug|Any CPU
		{849B61D6-15F6-4EA9-AD0F-3BA54C140ED8}.Release|Any CPU.ActiveCfg = Release|Any CPU
		{849B61D6-15F6-4EA9-AD0F-3BA54C140ED8}.Release|Any CPU.Build.0 = Release|Any CPU
	EndGlobalSection
	GlobalSection(SolutionProperties) = preSolution
		HideSolutionNode = FALSE
	EndGlobalSection
	GlobalSection(ExtensibilityGlobals) = postSolution
		SolutionGuid = {FE5C522C-A896-47EC-BC5F-05C30FC1C209}
	EndGlobalSection
EndGlobal
